
Microsoft Visual Studio Solution File, Format Version 12.00
# Visual Studio 11
Project("{FAE04EC0-301F-11D3-BF4B-00C04F79EFBC}") = "Digillect.Mvvm (NET45)", "Digillect.MVVM\Digillect.Mvvm (NET45).csproj", "{87238C3D-EF26-4DF2-BB3E-51DF75A07DC1}"
EndProject
Project("{FAE04EC0-301F-11D3-BF4B-00C04F79EFBC}") = "Digillect.Mvvm (WinRT)", "Digillect.MVVM\Digillect.Mvvm (WinRT).csproj", "{A3037917-1B3D-4D99-A820-8D8C6121D8D1}"
EndProject
Project("{FAE04EC0-301F-11D3-BF4B-00C04F79EFBC}") = "Digillect.Mvvm.WinRT", "Digillect.Mvvm.WinRT\Digillect.Mvvm.WinRT.csproj", "{344778D6-EEB9-4302-ADDD-2027E4FFCDCE}"
EndProject
Global
	GlobalSection(SolutionConfigurationPlatforms) = preSolution
		Debug|ARM = Debug|ARM
		Debug|Any CPU = Debug|Any CPU
		Debug|x64 = Debug|x64
		Debug|x86 = Debug|x86
		Release|ARM = Release|ARM
		Release|Any CPU = Release|Any CPU
		Release|x64 = Release|x64
		Release|x86 = Release|x86
	EndGlobalSection
	GlobalSection(ProjectConfigurationPlatforms) = postSolution
		{344778D6-EEB9-4302-ADDD-2027E4FFCDCE}.Debug|ARM.ActiveCfg = Debug|ARM
		{344778D6-EEB9-4302-ADDD-2027E4FFCDCE}.Debug|ARM.Build.0 = Debug|ARM
		{344778D6-EEB9-4302-ADDD-2027E4FFCDCE}.Debug|Any CPU.ActiveCfg = Debug|Any CPU
		{344778D6-EEB9-4302-ADDD-2027E4FFCDCE}.Debug|Any CPU.Build.0 = Debug|Any CPU
		{344778D6-EEB9-4302-ADDD-2027E4FFCDCE}.Debug|x64.ActiveCfg = Debug|x64
		{344778D6-EEB9-4302-ADDD-2027E4FFCDCE}.Debug|x64.Build.0 = Debug|x64
		{344778D6-EEB9-4302-ADDD-2027E4FFCDCE}.Debug|x86.ActiveCfg = Debug|x86
		{344778D6-EEB9-4302-ADDD-2027E4FFCDCE}.Debug|x86.Build.0 = Debug|x86
		{344778D6-EEB9-4302-ADDD-2027E4FFCDCE}.Release|ARM.ActiveCfg = Release|ARM
		{344778D6-EEB9-4302-ADDD-2027E4FFCDCE}.Release|ARM.Build.0 = Release|ARM
		{344778D6-EEB9-4302-ADDD-2027E4FFCDCE}.Release|Any CPU.ActiveCfg = Release|Any CPU
		{344778D6-EEB9-4302-ADDD-2027E4FFCDCE}.Release|Any CPU.Build.0 = Release|Any CPU
		{344778D6-EEB9-4302-ADDD-2027E4FFCDCE}.Release|x64.ActiveCfg = Release|x64
		{344778D6-EEB9-4302-ADDD-2027E4FFCDCE}.Release|x64.Build.0 = Release|x64
		{344778D6-EEB9-4302-ADDD-2027E4FFCDCE}.Release|x86.ActiveCfg = Release|x86
		{344778D6-EEB9-4302-ADDD-2027E4FFCDCE}.Release|x86.Build.0 = Release|x86
		{87238C3D-EF26-4DF2-BB3E-51DF75A07DC1}.Debug|ARM.ActiveCfg = Debug|Any CPU
		{87238C3D-EF26-4DF2-BB3E-51DF75A07DC1}.Debug|Any CPU.ActiveCfg = Debug|Any CPU
		{87238C3D-EF26-4DF2-BB3E-51DF75A07DC1}.Debug|Any CPU.Build.0 = Debug|Any CPU
		{87238C3D-EF26-4DF2-BB3E-51DF75A07DC1}.Debug|x64.ActiveCfg = Debug|Any CPU
		{87238C3D-EF26-4DF2-BB3E-51DF75A07DC1}.Debug|x86.ActiveCfg = Debug|Any CPU
		{87238C3D-EF26-4DF2-BB3E-51DF75A07DC1}.Release|ARM.ActiveCfg = Release|Any CPU
		{87238C3D-EF26-4DF2-BB3E-51DF75A07DC1}.Release|Any CPU.ActiveCfg = Release|Any CPU
		{87238C3D-EF26-4DF2-BB3E-51DF75A07DC1}.Release|Any CPU.Build.0 = Release|Any CPU
		{87238C3D-EF26-4DF2-BB3E-51DF75A07DC1}.Release|x64.ActiveCfg = Release|Any CPU
		{87238C3D-EF26-4DF2-BB3E-51DF75A07DC1}.Release|x86.ActiveCfg = Release|Any CPU
		{A3037917-1B3D-4D99-A820-8D8C6121D8D1}.Debug|ARM.ActiveCfg = Debug|ARM
		{A3037917-1B3D-4D99-A820-8D8C6121D8D1}.Debug|ARM.Build.0 = Debug|ARM
		{A3037917-1B3D-4D99-A820-8D8C6121D8D1}.Debug|Any CPU.ActiveCfg = Debug|Any CPU
		{A3037917-1B3D-4D99-A820-8D8C6121D8D1}.Debug|Any CPU.Build.0 = Debug|Any CPU
		{A3037917-1B3D-4D99-A820-8D8C6121D8D1}.Debug|x64.ActiveCfg = Debug|x64
		{A3037917-1B3D-4D99-A820-8D8C6121D8D1}.Debug|x64.Build.0 = Debug|x64
		{A3037917-1B3D-4D99-A820-8D8C6121D8D1}.Debug|x86.ActiveCfg = Debug|x86
		{A3037917-1B3D-4D99-A820-8D8C6121D8D1}.Debug|x86.Build.0 = Debug|x86
		{A3037917-1B3D-4D99-A820-8D8C6121D8D1}.Release|ARM.ActiveCfg = Release|ARM
		{A3037917-1B3D-4D99-A820-8D8C6121D8D1}.Release|ARM.Build.0 = Release|ARM
		{A3037917-1B3D-4D99-A820-8D8C6121D8D1}.Release|Any CPU.ActiveCfg = Release|Any CPU
		{A3037917-1B3D-4D99-A820-8D8C6121D8D1}.Release|Any CPU.Build.0 = Release|Any CPU
		{A3037917-1B3D-4D99-A820-8D8C6121D8D1}.Release|x64.ActiveCfg = Release|x64
		{A3037917-1B3D-4D99-A820-8D8C6121D8D1}.Release|x64.Build.0 = Release|x64
		{A3037917-1B3D-4D99-A820-8D8C6121D8D1}.Release|x86.ActiveCfg = Release|x86
		{A3037917-1B3D-4D99-A820-8D8C6121D8D1}.Release|x86.Build.0 = Release|x86
	EndGlobalSection
	GlobalSection(SolutionProperties) = preSolution
		HideSolutionNode = FALSE
	EndGlobalSection
EndGlobal
